schema: '2.0'
stages:
  import_raw_data:
    cmd: python src/ml/data/import_raw_data.py
    deps:
    - path: 
        data/raw/comptage-velo-donnees-compteurs-2024-2025_Enriched_ML-ready_data.csv
      hash: md5
      md5: e38aee22570ad4ab0b92d72dba3690cf
      size: 149464819
    - path: src/ml/data/data_utils.py
      hash: md5
      md5: 74fb0b7c34f2dfb7c6aae9fd2ca5551b
      size: 896
    - path: src/ml/data/import_raw_data.py
      hash: md5
      md5: 57a52522c4914aac7249ad17697d6171
      size: 3918
    outs:
    - path: data/interim/Sebastopol_N-S/
      hash: md5
      md5: 0146fbc22169f4788c40df624aec0239.dir
      size: 1233757
      nfiles: 1
  build_features:
    cmd: python src/ml/features/build_features.py
    deps:
    - path: data/interim/Sebastopol_N-S/
      hash: md5
      md5: 0146fbc22169f4788c40df624aec0239.dir
      size: 1233757
      nfiles: 1
    - path: src/ml/features/build_features.py
      hash: md5
      md5: b3da9dbe9bb39e2aa7ca371ca6945ff3
      size: 3572
    - path: src/ml/features/features_utils.py
      hash: md5
      md5: 7325746a0934d801f392e0f0574d1f67
      size: 3776
    outs:
    - path: data/processed/Sebastopol_N-S/
      hash: md5
      md5: 9fb8f4a6f7363ed249c6c8c7bb78a289.dir
      size: 1368892
      nfiles: 1
  train_and_predict:
    cmd: python src/ml/models/train_and_predict.py
    deps:
    - path: data/processed/Sebastopol_N-S/
      hash: md5
      md5: 9fb8f4a6f7363ed249c6c8c7bb78a289.dir
      size: 1368892
      nfiles: 1
    - path: src/ml/models/mlflow_tracking.py
      hash: md5
      md5: 665e358bb0c1066f8c0c7f4585c32c18
      size: 4308
    - path: src/ml/models/models_utils.py
      hash: md5
      md5: 86bf7ee7f34237d8ad4c0e616813f1b5
      size: 20091
    - path: src/ml/models/train_and_predict.py
      hash: md5
      md5: a981c76bd90ad70f100d8cef193be18f
      size: 4848
    outs:
    - path: data/final/Sebastopol_N-S/
      hash: md5
      md5: fa26af8aed85b5ea2fc728798659c9fa.dir
      size: 2433506
      nfiles: 9
    - path: models/Sebastopol_N-S/
      hash: md5
      md5: 08cb0131194d992cd1a6de09a71bd25d.dir
      size: 409009
      nfiles: 4
